// !$*UTF8*$!
{
	archiveVersion = 1;
	classes = {
	};
	objectVersion = 48;
	objects = {

/* Begin PBXBuildFile section */
		4830B2F71FD4AE48002FFA03 /* QwixxScoreSheet.cpp in Sources */ = {isa = PBXBuildFile; fileRef = 4830B2F61FD4AE48002FFA03 /* QwixxScoreSheet.cpp */; };
		48E283131FCCB21300D84E49 /* ScoreSheet.cpp in Sources */ = {isa = PBXBuildFile; fileRef = 48E283121FCCB21300D84E49 /* ScoreSheet.cpp */; };
		48E283161FCCEEA000D84E49 /* QwixxRow.cpp in Sources */ = {isa = PBXBuildFile; fileRef = 48E283151FCCEEA000D84E49 /* QwixxRow.cpp */; };
		48E283191FCE5E7F00D84E49 /* QwintoScoreSheet.cpp in Sources */ = {isa = PBXBuildFile; fileRef = 48E283181FCE5E7F00D84E49 /* QwintoScoreSheet.cpp */; };
		48E63CF51FB9349E00E759DB /* main.cpp in Sources */ = {isa = PBXBuildFile; fileRef = 48E63CF41FB9349E00E759DB /* main.cpp */; };
		AC69CEC81FC9D4E500D91C90 /* QwintoRow.cpp in Sources */ = {isa = PBXBuildFile; fileRef = AC69CEC71FC9D4E500D91C90 /* QwintoRow.cpp */; };
		AC69CECE1FC9D58400D91C90 /* RandomDice.cpp in Sources */ = {isa = PBXBuildFile; fileRef = AC69CECD1FC9D58400D91C90 /* RandomDice.cpp */; };
		AC69CED11FC9DA8F00D91C90 /* Dice.cpp in Sources */ = {isa = PBXBuildFile; fileRef = AC69CED01FC9DA8F00D91C90 /* Dice.cpp */; };
		AC69CED41FC9DF2400D91C90 /* RollOfDice.cpp in Sources */ = {isa = PBXBuildFile; fileRef = AC69CED31FC9DF2400D91C90 /* RollOfDice.cpp */; };
/* End PBXBuildFile section */

/* Begin PBXCopyFilesBuildPhase section */
		48E63CEF1FB9349E00E759DB /* CopyFiles */ = {
			isa = PBXCopyFilesBuildPhase;
			buildActionMask = 2147483647;
			dstPath = /usr/share/man/man1/;
			dstSubfolderSpec = 0;
			files = (
			);
			runOnlyForDeploymentPostprocessing = 1;
		};
/* End PBXCopyFilesBuildPhase section */

/* Begin PBXFileReference section */
		4830B2F51FD4AE3A002FFA03 /* QwixxScoreSheet.h */ = {isa = PBXFileReference; lastKnownFileType = sourcecode.c.h; path = QwixxScoreSheet.h; sourceTree = "<group>"; };
		4830B2F61FD4AE48002FFA03 /* QwixxScoreSheet.cpp */ = {isa = PBXFileReference; lastKnownFileType = sourcecode.cpp.cpp; path = QwixxScoreSheet.cpp; sourceTree = "<group>"; };
		48E283111FCCB20700D84E49 /* ScoreSheet.h */ = {isa = PBXFileReference; lastKnownFileType = sourcecode.c.h; path = ScoreSheet.h; sourceTree = "<group>"; };
		48E283121FCCB21300D84E49 /* ScoreSheet.cpp */ = {isa = PBXFileReference; lastKnownFileType = sourcecode.cpp.cpp; path = ScoreSheet.cpp; sourceTree = "<group>"; };
		48E283141FCCEE9100D84E49 /* QwixxRow.h */ = {isa = PBXFileReference; lastKnownFileType = sourcecode.c.h; path = QwixxRow.h; sourceTree = "<group>"; };
		48E283151FCCEEA000D84E49 /* QwixxRow.cpp */ = {isa = PBXFileReference; lastKnownFileType = sourcecode.cpp.cpp; path = QwixxRow.cpp; sourceTree = "<group>"; };
		48E283171FCE5E6F00D84E49 /* QwintoScoreSheet.h */ = {isa = PBXFileReference; lastKnownFileType = sourcecode.c.h; path = QwintoScoreSheet.h; sourceTree = "<group>"; };
		48E283181FCE5E7F00D84E49 /* QwintoScoreSheet.cpp */ = {isa = PBXFileReference; lastKnownFileType = sourcecode.cpp.cpp; path = QwintoScoreSheet.cpp; sourceTree = "<group>"; };
		48E63CF11FB9349E00E759DB /* DiceGame */ = {isa = PBXFileReference; explicitFileType = "compiled.mach-o.executable"; includeInIndex = 0; path = DiceGame; sourceTree = BUILT_PRODUCTS_DIR; };
		48E63CF41FB9349E00E759DB /* main.cpp */ = {isa = PBXFileReference; lastKnownFileType = sourcecode.cpp.cpp; path = main.cpp; sourceTree = "<group>"; };
		AC69CEC61FC9D4E500D91C90 /* QwintoRow.h */ = {isa = PBXFileReference; fileEncoding = 4; lastKnownFileType = sourcecode.c.h; path = QwintoRow.h; sourceTree = "<group>"; };
		AC69CEC71FC9D4E500D91C90 /* QwintoRow.cpp */ = {isa = PBXFileReference; fileEncoding = 4; lastKnownFileType = sourcecode.cpp.cpp; path = QwintoRow.cpp; sourceTree = "<group>"; };
		AC69CEC91FC9D50F00D91C90 /* Colour.h */ = {isa = PBXFileReference; lastKnownFileType = sourcecode.c.h; path = Colour.h; sourceTree = "<group>"; };
		AC69CECD1FC9D58400D91C90 /* RandomDice.cpp */ = {isa = PBXFileReference; lastKnownFileType = sourcecode.cpp.cpp; path = RandomDice.cpp; sourceTree = "<group>"; };
		AC69CECF1FC9D5BD00D91C90 /* RandomDice.h */ = {isa = PBXFileReference; lastKnownFileType = sourcecode.c.h; path = RandomDice.h; sourceTree = "<group>"; };
		AC69CED01FC9DA8F00D91C90 /* Dice.cpp */ = {isa = PBXFileReference; lastKnownFileType = sourcecode.cpp.cpp; path = Dice.cpp; sourceTree = "<group>"; };
		AC69CED21FC9DA9E00D91C90 /* Dice.h */ = {isa = PBXFileReference; lastKnownFileType = sourcecode.c.h; path = Dice.h; sourceTree = "<group>"; };
		AC69CED31FC9DF2400D91C90 /* RollOfDice.cpp */ = {isa = PBXFileReference; lastKnownFileType = sourcecode.cpp.cpp; path = RollOfDice.cpp; sourceTree = "<group>"; };
		AC69CED51FC9E20900D91C90 /* RollOfDice.h */ = {isa = PBXFileReference; lastKnownFileType = sourcecode.c.h; path = RollOfDice.h; sourceTree = "<group>"; };
/* End PBXFileReference section */

/* Begin PBXFrameworksBuildPhase section */
		48E63CEE1FB9349E00E759DB /* Frameworks */ = {
			isa = PBXFrameworksBuildPhase;
			buildActionMask = 2147483647;
			files = (
			);
			runOnlyForDeploymentPostprocessing = 0;
		};
/* End PBXFrameworksBuildPhase section */

/* Begin PBXGroup section */
		48E63CE81FB9349E00E759DB = {
			isa = PBXGroup;
			children = (
				48E63CF31FB9349E00E759DB /* DiceGame */,
				48E63CF21FB9349E00E759DB /* Products */,
			);
			sourceTree = "<group>";
		};
		48E63CF21FB9349E00E759DB /* Products */ = {
			isa = PBXGroup;
			children = (
				48E63CF11FB9349E00E759DB /* DiceGame */,
			);
			name = Products;
			sourceTree = "<group>";
		};
		48E63CF31FB9349E00E759DB /* DiceGame */ = {
			isa = PBXGroup;
			children = (
				AC69CEC91FC9D50F00D91C90 /* Colour.h */,
				AC69CECF1FC9D5BD00D91C90 /* RandomDice.h */,
				AC69CECD1FC9D58400D91C90 /* RandomDice.cpp */,
				AC69CED21FC9DA9E00D91C90 /* Dice.h */,
				AC69CED01FC9DA8F00D91C90 /* Dice.cpp */,
				AC69CED51FC9E20900D91C90 /* RollOfDice.h */,
				AC69CED31FC9DF2400D91C90 /* RollOfDice.cpp */,
				AC69CEC61FC9D4E500D91C90 /* QwintoRow.h */,
				AC69CEC71FC9D4E500D91C90 /* QwintoRow.cpp */,
				48E283141FCCEE9100D84E49 /* QwixxRow.h */,
				48E283151FCCEEA000D84E49 /* QwixxRow.cpp */,
				48E283111FCCB20700D84E49 /* ScoreSheet.h */,
				48E283121FCCB21300D84E49 /* ScoreSheet.cpp */,
				48E283171FCE5E6F00D84E49 /* QwintoScoreSheet.h */,
				48E283181FCE5E7F00D84E49 /* QwintoScoreSheet.cpp */,
				4830B2F51FD4AE3A002FFA03 /* QwixxScoreSheet.h */,
				4830B2F61FD4AE48002FFA03 /* QwixxScoreSheet.cpp */,
				48E63CF41FB9349E00E759DB /* main.cpp */,
			);
			path = DiceGame;
			sourceTree = "<group>";
		};
/* End PBXGroup section */

/* Begin PBXNativeTarget section */
		48E63CF01FB9349E00E759DB /* DiceGame */ = {
			isa = PBXNativeTarget;
			buildConfigurationList = 48E63CF81FB9349E00E759DB /* Build configuration list for PBXNativeTarget "DiceGame" */;
			buildPhases = (
				48E63CED1FB9349E00E759DB /* Sources */,
				48E63CEE1FB9349E00E759DB /* Frameworks */,
				48E63CEF1FB9349E00E759DB /* CopyFiles */,
			);
			buildRules = (
			);
			dependencies = (
			);
			name = DiceGame;
			productName = DiceGame;
			productReference = 48E63CF11FB9349E00E759DB /* DiceGame */;
			productType = "com.apple.product-type.tool";
		};
/* End PBXNativeTarget section */

/* Begin PBXProject section */
		48E63CE91FB9349E00E759DB /* Project object */ = {
			isa = PBXProject;
			attributes = {
				LastUpgradeCheck = 0910;
				ORGANIZATIONNAME = "Adel Araji";
				TargetAttributes = {
					48E63CF01FB9349E00E759DB = {
						CreatedOnToolsVersion = 9.1;
						ProvisioningStyle = Automatic;
					};
				};
			};
			buildConfigurationList = 48E63CEC1FB9349E00E759DB /* Build configuration list for PBXProject "DiceGame" */;
			compatibilityVersion = "Xcode 8.0";
			developmentRegion = en;
			hasScannedForEncodings = 0;
			knownRegions = (
				en,
			);
			mainGroup = 48E63CE81FB9349E00E759DB;
			productRefGroup = 48E63CF21FB9349E00E759DB /* Products */;
			projectDirPath = "";
			projectRoot = "";
			targets = (
				48E63CF01FB9349E00E759DB /* DiceGame */,
			);
		};
/* End PBXProject section */

/* Begin PBXSourcesBuildPhase section */
		48E63CED1FB9349E00E759DB /* Sources */ = {
			isa = PBXSourcesBuildPhase;
			buildActionMask = 2147483647;
			files = (
				48E283161FCCEEA000D84E49 /* QwixxRow.cpp in Sources */,
				48E283131FCCB21300D84E49 /* ScoreSheet.cpp in Sources */,
				AC69CEC81FC9D4E500D91C90 /* QwintoRow.cpp in Sources */,
				48E63CF51FB9349E00E759DB /* main.cpp in Sources */,
				48E283191FCE5E7F00D84E49 /* QwintoScoreSheet.cpp in Sources */,
				4830B2F71FD4AE48002FFA03 /* QwixxScoreSheet.cpp in Sources */,
				AC69CED11FC9DA8F00D91C90 /* Dice.cpp in Sources */,
				AC69CED41FC9DF2400D91C90 /* RollOfDice.cpp in Sources */,
				AC69CECE1FC9D58400D91C90 /* RandomDice.cpp in Sources */,
			);
			runOnlyForDeploymentPostprocessing = 0;
		};
/* End PBXSourcesBuildPhase section */

/* Begin XCBuildConfiguration section */
		48E63CF61FB9349E00E759DB /* Debug */ = {
			isa = XCBuildConfiguration;
			buildSettings = {
				ALWAYS_SEARCH_USER_PATHS = NO;
				CLANG_ANALYZER_NONNULL = YES;
				CLANG_ANALYZER_NUMBER_OBJECT_CONVERSION = YES_AGGRESSIVE;
				CLANG_CXX_LANGUAGE_STANDARD = "gnu++14";
				CLANG_CXX_LIBRARY = "libc++";
				CLANG_ENABLE_MODULES = YES;
				CLANG_ENABLE_OBJC_ARC = YES;
				CLANG_WARN_BLOCK_CAPTURE_AUTORELEASING = YES;
				CLANG_WARN_BOOL_CONVERSION = YES;
				CLANG_WARN_COMMA = YES;
				CLANG_WARN_CONSTANT_CONVERSION = YES;
				CLANG_WARN_DIRECT_OBJC_ISA_USAGE = YES_ERROR;
				CLANG_WARN_DOCUMENTATION_COMMENTS = YES;
				CLANG_WARN_EMPTY_BODY = YES;
				CLANG_WARN_ENUM_CONVERSION = YES;
				CLANG_WARN_INFINITE_RECURSION = YES;
				CLANG_WARN_INT_CONVERSION = YES;
				CLANG_WARN_NON_LITERAL_NULL_CONVERSION = YES;
				CLANG_WARN_OBJC_LITERAL_CONVERSION = YES;
				CLANG_WARN_OBJC_ROOT_CLASS = YES_ERROR;
				CLANG_WARN_RANGE_LOOP_ANALYSIS = YES;
				CLANG_WARN_STRICT_PROTOTYPES = YES;
				CLANG_WARN_SUSPICIOUS_MOVE = YES;
				CLANG_WARN_UNGUARDED_AVAILABILITY = YES_AGGRESSIVE;
				CLANG_WARN_UNREACHABLE_CODE = YES;
				CLANG_WARN__DUPLICATE_METHOD_MATCH = YES;
				CODE_SIGN_IDENTITY = "Mac Developer";
				COPY_PHASE_STRIP = NO;
				DEBUG_INFORMATION_FORMAT = dwarf;
				ENABLE_STRICT_OBJC_MSGSEND = YES;
				ENABLE_TESTABILITY = YES;
				GCC_C_LANGUAGE_STANDARD = gnu11;
				GCC_DYNAMIC_NO_PIC = NO;
				GCC_NO_COMMON_BLOCKS = YES;
				GCC_OPTIMIZATION_LEVEL = 0;
				GCC_PREPROCESSOR_DEFINITIONS = (
					"DEBUG=1",
					"$(inherited)",
				);
				GCC_WARN_64_TO_32_BIT_CONVERSION = YES;
				GCC_WARN_ABOUT_RETURN_TYPE = YES_ERROR;
				GCC_WARN_UNDECLARED_SELECTOR = YES;
				GCC_WARN_UNINITIALIZED_AUTOS = YES_AGGRESSIVE;
				GCC_WARN_UNUSED_FUNCTION = YES;
				GCC_WARN_UNUSED_VARIABLE = YES;
				MACOSX_DEPLOYMENT_TARGET = 10.12;
				MTL_ENABLE_DEBUG_INFO = YES;
				ONLY_ACTIVE_ARCH = YES;
				SDKROOT = macosx;
			};
			name = Debug;
		};
		48E63CF71FB9349E00E759DB /* Release */ = {
			isa = XCBuildConfiguration;
			buildSettings = {
				ALWAYS_SEARCH_USER_PATHS = NO;
				CLANG_ANALYZER_NONNULL = YES;
				CLANG_ANALYZER_NUMBER_OBJECT_CONVERSION = YES_AGGRESSIVE;
				CLANG_CXX_LANGUAGE_STANDARD = "gnu++14";
				CLANG_CXX_LIBRARY = "libc++";
				CLANG_ENABLE_MODULES = YES;
				CLANG_ENABLE_OBJC_ARC = YES;
				CLANG_WARN_BLOCK_CAPTURE_AUTORELEASING = YES;
				CLANG_WARN_BOOL_CONVERSION = YES;
				CLANG_WARN_COMMA = YES;
				CLANG_WARN_CONSTANT_CONVERSION = YES;
				CLANG_WARN_DIRECT_OBJC_ISA_USAGE = YES_ERROR;
				CLANG_WARN_DOCUMENTATION_COMMENTS = YES;
				CLANG_WARN_EMPTY_BODY = YES;
				CLANG_WARN_ENUM_CONVERSION = YES;
				CLANG_WARN_INFINITE_RECURSION = YES;
				CLANG_WARN_INT_CONVERSION = YES;
				CLANG_WARN_NON_LITERAL_NULL_CONVERSION = YES;
				CLANG_WARN_OBJC_LITERAL_CONVERSION = YES;
				CLANG_WARN_OBJC_ROOT_CLASS = YES_ERROR;
				CLANG_WARN_RANGE_LOOP_ANALYSIS = YES;
				CLANG_WARN_STRICT_PROTOTYPES = YES;
				CLANG_WARN_SUSPICIOUS_MOVE = YES;
				CLANG_WARN_UNGUARDED_AVAILABILITY = YES_AGGRESSIVE;
				CLANG_WARN_UNREACHABLE_CODE = YES;
				CLANG_WARN__DUPLICATE_METHOD_MATCH = YES;
				CODE_SIGN_IDENTITY = "Mac Developer";
				COPY_PHASE_STRIP = NO;
				DEBUG_INFORMATION_FORMAT = "dwarf-with-dsym";
				ENABLE_NS_ASSERTIONS = NO;
				ENABLE_STRICT_OBJC_MSGSEND = YES;
				GCC_C_LANGUAGE_STANDARD = gnu11;
				GCC_NO_COMMON_BLOCKS = YES;
				GCC_WARN_64_TO_32_BIT_CONVERSION = YES;
				GCC_WARN_ABOUT_RETURN_TYPE = YES_ERROR;
				GCC_WARN_UNDECLARED_SELECTOR = YES;
				GCC_WARN_UNINITIALIZED_AUTOS = YES_AGGRESSIVE;
				GCC_WARN_UNUSED_FUNCTION = YES;
				GCC_WARN_UNUSED_VARIABLE = YES;
				MACOSX_DEPLOYMENT_TARGET = 10.12;
				MTL_ENABLE_DEBUG_INFO = NO;
				SDKROOT = macosx;
			};
			name = Release;
		};
		48E63CF91FB9349E00E759DB /* Debug */ = {
			isa = XCBuildConfiguration;
			buildSettings = {
				CODE_SIGN_STYLE = Automatic;
				DEVELOPMENT_TEAM = 7PKG45HR7B;
				PRODUCT_NAME = "$(TARGET_NAME)";
			};
			name = Debug;
		};
		48E63CFA1FB9349E00E759DB /* Release */ = {
			isa = XCBuildConfiguration;
			buildSettings = {
				CODE_SIGN_STYLE = Automatic;
				DEVELOPMENT_TEAM = 7PKG45HR7B;
				PRODUCT_NAME = "$(TARGET_NAME)";
			};
			name = Release;
		};
/* End XCBuildConfiguration section */

/* Begin XCConfigurationList section */
		48E63CEC1FB9349E00E759DB /* Build configuration list for PBXProject "DiceGame" */ = {
			isa = XCConfigurationList;
			buildConfigurations = (
				48E63CF61FB9349E00E759DB /* Debug */,
				48E63CF71FB9349E00E759DB /* Release */,
			);
			defaultConfigurationIsVisible = 0;
			defaultConfigurationName = Release;
		};
		48E63CF81FB9349E00E759DB /* Build configuration list for PBXNativeTarget "DiceGame" */ = {
			isa = XCConfigurationList;
			buildConfigurations = (
				48E63CF91FB9349E00E759DB /* Debug */,
				48E63CFA1FB9349E00E759DB /* Release */,
			);
			defaultConfigurationIsVisible = 0;
			defaultConfigurationName = Release;
		};
/* End XCConfigurationList section */
	};
	rootObject = 48E63CE91FB9349E00E759DB /* Project object */;
}
